github.com/MixinNetwork/mixin v0.18.12 h1:hMHaZUe9k65C7goDrKAlOHlMJHDvB1wTf9QxQEIFeAQ=
github.com/MixinNetwork/mixin v0.18.12/go.mod h1:46byqFCaEelxJKspfEcJ5gEYTdE4FabPMV57DfiYDU8=
github.com/davecgh/go-spew v1.1.0/go.mod h1:J7Y8YcW2NihsgmVo/mv3lAwl/skON4iLHjSsI+c5H38=
github.com/davecgh/go-spew v1.1.1/go.mod h1:J7Y8YcW2NihsgmVo/mv3lAwl/skON4iLHjSsI+c5H38=
github.com/dimfeld/httptreemux/v5 v5.5.0 h1:p8jkiMrCuZ0CmhwYLcbNbl7DDo21fozhKHQ2PccwOFQ=
github.com/dimfeld/httptreemux/v5 v5.5.0/go.mod h1:QeEylH57C0v3VO0tkKraVz9oD3Uu93CKPnTLbsidvSw=
github.com/felixge/httpsnoop v1.0.4 h1:NFTV2Zj1bL4mc9sqWACXbQFVBBg2W3GPvqp8/ESS2Wg=
github.com/felixge/httpsnoop v1.0.4/go.mod h1:m8KPJKqk1gH5J9DgRY2ASl2lWCfGKXixSwevea8zH2U=
github.com/fsnotify/fsnotify v1.7.0 h1:8JEhPFa5W2WU7YfeZzPNqzMP6Lwt7L2715Ggo0nosvA=
github.com/fsnotify/fsnotify v1.7.0/go.mod h1:40Bi/Hjc2AVfZrqy+aj+yEI+/bRxZnMJyTJwOpGvigM=
github.com/gofrs/uuid/v5 v5.3.0 h1:m0mUMr+oVYUdxpMLgSYCZiXe7PuVPnI94+OMeVBNedk=
github.com/gofrs/uuid/v5 v5.3.0/go.mod h1:CDOjlDMVAtN56jqyRUZh58JT31Tiw7/oQyEXZV+9bD8=
github.com/google/uuid v1.6.0 h1:NIvaJDMOsjHA8n1jAhLSgzrAzy1Hgr+hNrb57e+94F0=
github.com/google/uuid v1.6.0/go.mod h1:TIyPZe4MgqvfeYDBFedMoGGpEw/LqOeaOT+nhxU+yHo=
github.com/gorilla/handlers v1.5.2 h1:cLTUSsNkgcwhgRqvCNmdbRWG0A3N4F+M2nWKdScwyEE=
github.com/gorilla/handlers v1.5.2/go.mod h1:dX+xVpaxdSw+q0Qek8SSsl3dfMk3jNddUkMzo0GtH0w=
github.com/pelletier/go-toml v1.9.5 h1:4yBQzkHv+7BHq2PQUZF3Mx0IYxG7LsP222s7Agd3ve8=
github.com/pelletier/go-toml v1.9.5/go.mod h1:u1nR/EPcESfeI/szUZKdtJ0xRNbUoANCkoOuaOx1Y+c=
github.com/pion/datachannel v1.5.9 h1:LpIWAOYPyDrXtU+BW7X0Yt/vGtYxtXQ8ql7dFfYUVZA=
github.com/pion/datachannel v1.5.9/go.mod h1:kDUuk4CU4Uxp82NH4LQZbISULkX/HtzKa4P7ldf9izE=
github.com/pion/dtls/v3 v3.0.1 h1:0kmoaPYLAo0md/VemjcrAXQiSf8U+tuU3nDYVNpEKaw=
github.com/pion/dtls/v3 v3.0.1/go.mod h1:dfIXcFkKoujDQ+jtd8M6RgqKK3DuaUilm3YatAbGp5k=
github.com/pion/ice/v4 v4.0.1 h1:2d3tPoTR90F3TcGYeXUwucGlXI3hds96cwv4kjZmb9s=
github.com/pion/ice/v4 v4.0.1/go.mod h1:2dpakjpd7+74L5j3TAe6gvkbI5UIzOgAnkimm9SuHvA=
github.com/pion/interceptor v0.1.30 h1:au5rlVHsgmxNi+v/mjOPazbW1SHzfx7/hYOEYQnUcxA=
github.com/pion/interceptor v0.1.30/go.mod h1:RQuKT5HTdkP2Fi0cuOS5G5WNymTjzXaGF75J4k7z2nc=
github.com/pion/logging v0.2.2 h1:M9+AIj/+pxNsDfAT64+MAVgJO0rsyLnoJKCqf//DoeY=
github.com/pion/logging v0.2.2/go.mod h1:k0/tDVsRCX2Mb2ZEmTqNa7CWsQPc+YYCB7Q+5pahoms=
github.com/pion/mdns/v2 v2.0.7 h1:c9kM8ewCgjslaAmicYMFQIde2H9/lrZpjBkN8VwoVtM=
github.com/pion/mdns/v2 v2.0.7/go.mod h1:vAdSYNAT0Jy3Ru0zl2YiW3Rm/fJCwIeM0nToenfOJKA=
github.com/pion/randutil v0.1.0 h1:CFG1UdESneORglEsnimhUjf33Rwjubwj6xfiOXBa3mA=
github.com/pion/randutil v0.1.0/go.mod h1:XcJrSMMbbMRhASFVOlj/5hQial/Y8oH/HVo7TBZq+j8=
github.com/pion/rtcp v1.2.14 h1:KCkGV3vJ+4DAJmvP0vaQShsb0xkRfWkO540Gy102KyE=
github.com/pion/rtcp v1.2.14/go.mod h1:sn6qjxvnwyAkkPzPULIbVqSKI5Dv54Rv7VG0kNxh9L4=
github.com/pion/rtp v1.8.9 h1:E2HX740TZKaqdcPmf4pw6ZZuG8u5RlMMt+l3dxeu6Wk=
github.com/pion/rtp v1.8.9/go.mod h1:pBGHaFt/yW7bf1jjWAoUjpSNoDnw98KTMg+jWWvziqU=
github.com/pion/sctp v1.8.33 h1:dSE4wX6uTJBcNm8+YlMg7lw1wqyKHggsP5uKbdj+NZw=
github.com/pion/sctp v1.8.33/go.mod h1:beTnqSzewI53KWoG3nqB282oDMGrhNxBdb+JZnkCwRM=
github.com/pion/sdp/v2 v2.4.0 h1:luUtaETR5x2KNNpvEMv/r4Y+/kzImzbz4Lm1z8eQNQI=
github.com/pion/sdp/v2 v2.4.0/go.mod h1:L2LxrOpSTJbAns244vfPChbciR/ReU1KWfG04OpkR7E=
github.com/pion/sdp/v3 v3.0.9 h1:pX++dCHoHUwq43kuwf3PyJfHlwIj4hXA7Vrifiq0IJY=
github.com/pion/sdp/v3 v3.0.9/go.mod h1:B5xmvENq5IXJimIO4zfp6LAe1fD9N+kFv+V/1lOdz8M=
github.com/pion/srtp/v3 v3.0.3 h1:tRtEOpmR8NtsB/KndlKXFOj/AIIs6aPrCq4TlAatC4M=
github.com/pion/srtp/v3 v3.0.3/go.mod h1:Bp9ztzPCoE0ETca/R+bTVTO5kBgaQMiQkTmZWwazDTc=
github.com/pion/stun/v3 v3.0.0 h1:4h1gwhWLWuZWOJIJR9s2ferRO+W3zA/b6ijOI6mKzUw=
github.com/pion/stun/v3 v3.0.0/go.mod h1:HvCN8txt8mwi4FBvS3EmDghW6aQJ24T+y+1TKjB5jyU=
github.com/pion/transport/v3 v3.0.7 h1:iRbMH05BzSNwhILHoBoAPxoB9xQgOaJk+591KC9P1o0=
github.com/pion/transport/v3 v3.0.7/go.mod h1:YleKiTZ4vqNxVwh77Z0zytYi7rXHl7j6uPLGhhz9rwo=
github.com/pion/turn/v4 v4.0.0 h1:qxplo3Rxa9Yg1xXDxxH8xaqcyGUtbHYw4QSCvmFWvhM=
github.com/pion/turn/v4 v4.0.0/go.mod h1:MuPDkm15nYSklKpN8vWJ9W2M0PlyQZqYt1McGuxG7mA=
github.com/pion/webrtc/v4 v4.0.0-beta.29 h1:ahc4r88phf+Y+7YGl20gEfIYQ/eEMzNvd8KOMtxsE1s=
github.com/pion/webrtc/v4 v4.0.0-beta.29/go.mod h1:z1oOHeVfz+XE9bpuXODxIDJw+/TUvENs34YGbQEdB+c=
github.com/pmezard/go-difflib v1.0.0/go.mod h1:iKH77koFhYxTK1pcRnkKkqfTogsbg7gZNVY4sRDYZ/4=
github.com/stretchr/objx v0.1.0/go.mod h1:HFkY916IF+rwdDfMAkV7OtwuqBVzrE8GR6GFx+wExME=
github.com/stretchr/objx v0.4.0/go.mod h1:YvHI0jy2hoMjB+UWwv71VJQ9isScKT/TqJzVSSt89Yw=
github.com/stretchr/objx v0.5.0/go.mod h1:Yh+to48EsGEfYuaHDzXPcE3xhTkx73EhmCGUpEOglKo=
github.com/stretchr/objx v0.5.2/go.mod h1:FRsXN1f5AsAjCGJKqEizvkpNtU+EGNCLh3NxZ/8L+MA=
github.com/stretchr/testify v1.6.1/go.mod h1:6Fq8oRcR53rry900zMqJjRRixrwX3KX962/h/Wwjteg=
github.com/stretchr/testify v1.7.1/go.mod h1:6Fq8oRcR53rry900zMqJjRRixrwX3KX962/h/Wwjteg=
github.com/stretchr/testify v1.8.0/go.mod h1:yNjHg4UonilssWZ8iaSj1OCr/vHnekPRkoO+kdMU+MU=
github.com/stretchr/testify v1.8.4/go.mod h1:sz/lmYIOXD/1dqDmKjjqLyZ2RngseejIcXlSw2iwfAo=
github.com/stretchr/testify v1.9.0/go.mod h1:r2ic/lqez/lEtzL7wO/rwa5dbSLXVDPFyf8C91i36aY=
github.com/unrolled/render v1.6.1 h1:Qa7dLBJ1/DLogeAEINpMnMuUqpFTEzBPZXDrXvyiVNc=
github.com/unrolled/render v1.6.1/go.mod h1:LwQSeDhjml8NLjIO9GJO1/1qpFJxtfVIpzxXKjfVkoI=
github.com/wlynxg/anet v0.0.4 h1:0de1OFQxnNqAu+x2FAKKCVIrnfGKQbs7FQz++tB0+Uw=
github.com/wlynxg/anet v0.0.4/go.mod h1:eay5PRQr7fIVAMbTbchTnO9gG65Hg/uYGdc7mguHxoA=
golang.org/x/crypto v0.26.0 h1:RrRspgV4mU+YwB4FYnuBoKsUapNIL5cohGAmSH3azsw=
golang.org/x/crypto v0.26.0/go.mod h1:GY7jblb9wI+FOo5y8/S2oY4zWP07AkOJ4+jxCqdqn54=
golang.org/x/net v0.28.0 h1:a9JDOJc5GMUJ0+UDqmLT86WiEy7iWyIhz8gz8E4e5hE=
golang.org/x/net v0.28.0/go.mod h1:yqtgsTWOOnlGLG9GFRrK3++bGOUEkNBoHZc8MEDWPNg=
golang.org/x/sys v0.24.0 h1:Twjiwq9dn6R1fQcyiK+wQyHWfaz/BJB+YIpzU/Cv3Xg=
golang.org/x/sys v0.24.0/go.mod h1:/VUhepiaJMQUp4+oa/7Zr1D23ma6VTLIYjOOTFZPUcA=
gopkg.in/check.v1 v0.0.0-20161208181325-20d25e280405/go.mod h1:Co6ibVJAznAaIkqp8huTwlJQCZ016jof/cbN4VW5Yz0=
gopkg.in/yaml.v3 v3.0.0-20200313102051-9f266ea9e77c/go.mod h1:K4uyk7z7BCEPqu6E+C64Yfv1cQ7kz7rIZviUmN+EgEM=
gopkg.in/yaml.v3 v3.0.1/go.mod h1:K4uyk7z7BCEPqu6E+C64Yfv1cQ7kz7rIZviUmN+EgEM=
